// !$*UTF8*$!
{
	archiveVersion = 1;
	classes = {
	};
	objectVersion = 46;
	objects = {

/* Begin PBXBuildFile section */
		22C60DFE1975C6E400F73CCB /* main.swift in Sources */ = {isa = PBXBuildFile; fileRef = 22C60DFD1975C6E400F73CCB /* main.swift */; };
		22C60E001975C6E400F73CCB /* AppDelegate.swift in Sources */ = {isa = PBXBuildFile; fileRef = 22C60DFF1975C6E400F73CCB /* AppDelegate.swift */; };
		22C60E021975C6E400F73CCB /* GameScene.swift in Sources */ = {isa = PBXBuildFile; fileRef = 22C60E011975C6E400F73CCB /* GameScene.swift */; };
		22C60E041975C6E400F73CCB /* GameScene.sks in Resources */ = {isa = PBXBuildFile; fileRef = 22C60E031975C6E400F73CCB /* GameScene.sks */; };
		22C60E061975C6E400F73CCB /* Images.xcassets in Resources */ = {isa = PBXBuildFile; fileRef = 22C60E051975C6E400F73CCB /* Images.xcassets */; };
		22C60E091975C6E400F73CCB /* MainMenu.xib in Resources */ = {isa = PBXBuildFile; fileRef = 22C60E071975C6E400F73CCB /* MainMenu.xib */; };
		22C60E151975C6E400F73CCB /* TestsAndSampleTests.swift in Sources */ = {isa = PBXBuildFile; fileRef = 22C60E141975C6E400F73CCB /* TestsAndSampleTests.swift */; };
		22C60E201975C70200F73CCB /* NSBezierPathExtension.swift in Sources */ = {isa = PBXBuildFile; fileRef = 22C60E1F1975C70200F73CCB /* NSBezierPathExtension.swift */; };
		22C60E271975E8B000F73CCB /* __SHBezierPathInternalExtension.m in Sources */ = {isa = PBXBuildFile; fileRef = 22C60E261975E8B000F73CCB /* __SHBezierPathInternalExtension.m */; };
		22C60E281975E8B000F73CCB /* __SHBezierPathInternalExtension.m in Sources */ = {isa = PBXBuildFile; fileRef = 22C60E261975E8B000F73CCB /* __SHBezierPathInternalExtension.m */; };
/* End PBXBuildFile section */

/* Begin PBXContainerItemProxy section */
		22C60E0F1975C6E400F73CCB /* PBXContainerItemProxy */ = {
			isa = PBXContainerItemProxy;
			containerPortal = 22C60DF01975C6E400F73CCB /* Project object */;
			proxyType = 1;
			remoteGlobalIDString = 22C60DF71975C6E400F73CCB;
			remoteInfo = TestsAndSample;
		};
/* End PBXContainerItemProxy section */

/* Begin PBXFileReference section */
		22C60DF81975C6E400F73CCB /* TestsAndSample.app */ = {isa = PBXFileReference; explicitFileType = wrapper.application; includeInIndex = 0; path = TestsAndSample.app; sourceTree = BUILT_PRODUCTS_DIR; };
		22C60DFC1975C6E400F73CCB /* Info.plist */ = {isa = PBXFileReference; lastKnownFileType = text.plist.xml; path = Info.plist; sourceTree = "<group>"; };
		22C60DFD1975C6E400F73CCB /* main.swift */ = {isa = PBXFileReference; lastKnownFileType = sourcecode.swift; path = main.swift; sourceTree = "<group>"; };
		22C60DFF1975C6E400F73CCB /* AppDelegate.swift */ = {isa = PBXFileReference; lastKnownFileType = sourcecode.swift; path = AppDelegate.swift; sourceTree = "<group>"; };
		22C60E011975C6E400F73CCB /* GameScene.swift */ = {isa = PBXFileReference; lastKnownFileType = sourcecode.swift; path = GameScene.swift; sourceTree = "<group>"; };
		22C60E031975C6E400F73CCB /* GameScene.sks */ = {isa = PBXFileReference; lastKnownFileType = file.sks; path = GameScene.sks; sourceTree = "<group>"; };
		22C60E051975C6E400F73CCB /* Images.xcassets */ = {isa = PBXFileReference; lastKnownFileType = folder.assetcatalog; path = Images.xcassets; sourceTree = "<group>"; };
		22C60E081975C6E400F73CCB /* Base */ = {isa = PBXFileReference; lastKnownFileType = file.xib; name = Base; path = Base.lproj/MainMenu.xib; sourceTree = "<group>"; };
		22C60E0E1975C6E400F73CCB /* TestsAndSampleTests.xctest */ = {isa = PBXFileReference; explicitFileType = wrapper.cfbundle; includeInIndex = 0; path = TestsAndSampleTests.xctest; sourceTree = BUILT_PRODUCTS_DIR; };
		22C60E131975C6E400F73CCB /* Info.plist */ = {isa = PBXFileReference; lastKnownFileType = text.plist.xml; path = Info.plist; sourceTree = "<group>"; };
		22C60E141975C6E400F73CCB /* TestsAndSampleTests.swift */ = {isa = PBXFileReference; lastKnownFileType = sourcecode.swift; path = TestsAndSampleTests.swift; sourceTree = "<group>"; };
		22C60E1F1975C70200F73CCB /* NSBezierPathExtension.swift */ = {isa = PBXFileReference; fileEncoding = 4; lastKnownFileType = sourcecode.swift; path = NSBezierPathExtension.swift; sourceTree = "<group>"; };
		22C60E251975E8B000F73CCB /* __SHBezierPathInternalExtension.h */ = {isa = PBXFileReference; fileEncoding = 4; lastKnownFileType = sourcecode.c.h; path = __SHBezierPathInternalExtension.h; sourceTree = "<group>"; };
		22C60E261975E8B000F73CCB /* __SHBezierPathInternalExtension.m */ = {isa = PBXFileReference; fileEncoding = 4; lastKnownFileType = sourcecode.c.objc; path = __SHBezierPathInternalExtension.m; sourceTree = "<group>"; };
		22C60E29197630B600F73CCB /* TestsAndSample-Bridging-Header.h */ = {isa = PBXFileReference; lastKnownFileType = sourcecode.c.h; path = "TestsAndSample-Bridging-Header.h"; sourceTree = "<group>"; };
/* End PBXFileReference section */

/* Begin PBXFrameworksBuildPhase section */
		22C60DF51975C6E400F73CCB /* Frameworks */ = {
			isa = PBXFrameworksBuildPhase;
			buildActionMask = 2147483647;
			files = (
			);
			runOnlyForDeploymentPostprocessing = 0;
		};
		22C60E0B1975C6E400F73CCB /* Frameworks */ = {
			isa = PBXFrameworksBuildPhase;
			buildActionMask = 2147483647;
			files = (
			);
			runOnlyForDeploymentPostprocessing = 0;
		};
/* End PBXFrameworksBuildPhase section */

/* Begin PBXGroup section */
		22C60DEF1975C6E400F73CCB = {
			isa = PBXGroup;
			children = (
				22C60E29197630B600F73CCB /* TestsAndSample-Bridging-Header.h */,
				22C60E1E1975C70200F73CCB /* NSBezierPathExtension */,
				22C60DFA1975C6E400F73CCB /* TestsAndSample */,
				22C60E111975C6E400F73CCB /* TestsAndSampleTests */,
				22C60DF91975C6E400F73CCB /* Products */,
			);
			sourceTree = "<group>";
		};
		22C60DF91975C6E400F73CCB /* Products */ = {
			isa = PBXGroup;
			children = (
				22C60DF81975C6E400F73CCB /* TestsAndSample.app */,
				22C60E0E1975C6E400F73CCB /* TestsAndSampleTests.xctest */,
			);
			name = Products;
			sourceTree = "<group>";
		};
		22C60DFA1975C6E400F73CCB /* TestsAndSample */ = {
			isa = PBXGroup;
			children = (
				22C60DFF1975C6E400F73CCB /* AppDelegate.swift */,
				22C60E011975C6E400F73CCB /* GameScene.swift */,
				22C60E031975C6E400F73CCB /* GameScene.sks */,
				22C60E051975C6E400F73CCB /* Images.xcassets */,
				22C60E071975C6E400F73CCB /* MainMenu.xib */,
				22C60DFB1975C6E400F73CCB /* Supporting Files */,
			);
			path = TestsAndSample;
			sourceTree = "<group>";
		};
		22C60DFB1975C6E400F73CCB /* Supporting Files */ = {
			isa = PBXGroup;
			children = (
				22C60DFC1975C6E400F73CCB /* Info.plist */,
				22C60DFD1975C6E400F73CCB /* main.swift */,
			);
			name = "Supporting Files";
			sourceTree = "<group>";
		};
		22C60E111975C6E400F73CCB /* TestsAndSampleTests */ = {
			isa = PBXGroup;
			children = (
				22C60E141975C6E400F73CCB /* TestsAndSampleTests.swift */,
				22C60E121975C6E400F73CCB /* Supporting Files */,
			);
			path = TestsAndSampleTests;
			sourceTree = "<group>";
		};
		22C60E121975C6E400F73CCB /* Supporting Files */ = {
			isa = PBXGroup;
			children = (
				22C60E131975C6E400F73CCB /* Info.plist */,
			);
			name = "Supporting Files";
			sourceTree = "<group>";
		};
		22C60E1E1975C70200F73CCB /* NSBezierPathExtension */ = {
			isa = PBXGroup;
			children = (
				22C60E251975E8B000F73CCB /* __SHBezierPathInternalExtension.h */,
				22C60E261975E8B000F73CCB /* __SHBezierPathInternalExtension.m */,
				22C60E1F1975C70200F73CCB /* NSBezierPathExtension.swift */,
			);
			path = NSBezierPathExtension;
			sourceTree = "<group>";
		};
/* End PBXGroup section */

/* Begin PBXNativeTarget section */
		22C60DF71975C6E400F73CCB /* TestsAndSample */ = {
			isa = PBXNativeTarget;
			buildConfigurationList = 22C60E181975C6E400F73CCB /* Build configuration list for PBXNativeTarget "TestsAndSample" */;
			buildPhases = (
				22C60DF41975C6E400F73CCB /* Sources */,
				22C60DF51975C6E400F73CCB /* Frameworks */,
				22C60DF61975C6E400F73CCB /* Resources */,
			);
			buildRules = (
			);
			dependencies = (
			);
			name = TestsAndSample;
			productName = TestsAndSample;
			productReference = 22C60DF81975C6E400F73CCB /* TestsAndSample.app */;
			productType = "com.apple.product-type.application";
		};
		22C60E0D1975C6E400F73CCB /* TestsAndSampleTests */ = {
			isa = PBXNativeTarget;
			buildConfigurationList = 22C60E1B1975C6E400F73CCB /* Build configuration list for PBXNativeTarget "TestsAndSampleTests" */;
			buildPhases = (
				22C60E0A1975C6E400F73CCB /* Sources */,
				22C60E0B1975C6E400F73CCB /* Frameworks */,
				22C60E0C1975C6E400F73CCB /* Resources */,
			);
			buildRules = (
			);
			dependencies = (
				22C60E101975C6E400F73CCB /* PBXTargetDependency */,
			);
			name = TestsAndSampleTests;
			productName = TestsAndSampleTests;
			productReference = 22C60E0E1975C6E400F73CCB /* TestsAndSampleTests.xctest */;
			productType = "com.apple.product-type.bundle.unit-test";
		};
/* End PBXNativeTarget section */

/* Begin PBXProject section */
		22C60DF01975C6E400F73CCB /* Project object */ = {
			isa = PBXProject;
			attributes = {
				LastUpgradeCheck = 0600;
				ORGANIZATIONNAME = "Seivan Heidari";
				TargetAttributes = {
					22C60DF71975C6E400F73CCB = {
						CreatedOnToolsVersion = 6.0;
					};
					22C60E0D1975C6E400F73CCB = {
						CreatedOnToolsVersion = 6.0;
						TestTargetID = 22C60DF71975C6E400F73CCB;
					};
				};
			};
			buildConfigurationList = 22C60DF31975C6E400F73CCB /* Build configuration list for PBXProject "TestsAndSample" */;
			compatibilityVersion = "Xcode 3.2";
			developmentRegion = English;
			hasScannedForEncodings = 0;
			knownRegions = (
				en,
				Base,
			);
			mainGroup = 22C60DEF1975C6E400F73CCB;
			productRefGroup = 22C60DF91975C6E400F73CCB /* Products */;
			projectDirPath = "";
			projectRoot = "";
			targets = (
				22C60DF71975C6E400F73CCB /* TestsAndSample */,
				22C60E0D1975C6E400F73CCB /* TestsAndSampleTests */,
			);
		};
/* End PBXProject section */

/* Begin PBXResourcesBuildPhase section */
		22C60DF61975C6E400F73CCB /* Resources */ = {
			isa = PBXResourcesBuildPhase;
			buildActionMask = 2147483647;
			files = (
				22C60E041975C6E400F73CCB /* GameScene.sks in Resources */,
				22C60E061975C6E400F73CCB /* Images.xcassets in Resources */,
				22C60E091975C6E400F73CCB /* MainMenu.xib in Resources */,
			);
			runOnlyForDeploymentPostprocessing = 0;
		};
		22C60E0C1975C6E400F73CCB /* Resources */ = {
			isa = PBXResourcesBuildPhase;
			buildActionMask = 2147483647;
			files = (
			);
			runOnlyForDeploymentPostprocessing = 0;
		};
/* End PBXResourcesBuildPhase section */

/* Begin PBXSourcesBuildPhase section */
		22C60DF41975C6E400F73CCB /* Sources */ = {
			isa = PBXSourcesBuildPhase;
			buildActionMask = 2147483647;
			files = (
				22C60E021975C6E400F73CCB /* GameScene.swift in Sources */,
				22C60E001975C6E400F73CCB /* AppDelegate.swift in Sources */,
				22C60E271975E8B000F73CCB /* __SHBezierPathInternalExtension.m in Sources */,
				22C60E201975C70200F73CCB /* NSBezierPathExtension.swift in Sources */,
				22C60DFE1975C6E400F73CCB /* main.swift in Sources */,
			);
			runOnlyForDeploymentPostprocessing = 0;
		};
		22C60E0A1975C6E400F73CCB /* Sources */ = {
			isa = PBXSourcesBuildPhase;
			buildActionMask = 2147483647;
			files = (
				22C60E151975C6E400F73CCB /* TestsAndSampleTests.swift in Sources */,
				22C60E281975E8B000F73CCB /* __SHBezierPathInternalExtension.m in Sources */,
			);
			runOnlyForDeploymentPostprocessing = 0;
		};
/* End PBXSourcesBuildPhase section */

/* Begin PBXTargetDependency section */
		22C60E101975C6E400F73CCB /* PBXTargetDependency */ = {
			isa = PBXTargetDependency;
			target = 22C60DF71975C6E400F73CCB /* TestsAndSample */;
			targetProxy = 22C60E0F1975C6E400F73CCB /* PBXContainerItemProxy */;
		};
/* End PBXTargetDependency section */

/* Begin PBXVariantGroup section */
		22C60E071975C6E400F73CCB /* MainMenu.xib */ = {
			isa = PBXVariantGroup;
			children = (
				22C60E081975C6E400F73CCB /* Base */,
			);
			name = MainMenu.xib;
			sourceTree = "<group>";
		};
/* End PBXVariantGroup section */

/* Begin XCBuildConfiguration section */
		22C60E161975C6E400F73CCB /* Debug */ = {
			isa = XCBuildConfiguration;
			buildSettings = {
				ALWAYS_SEARCH_USER_PATHS = NO;
				CLANG_CXX_LANGUAGE_STANDARD = "gnu++0x";
				CLANG_CXX_LIBRARY = "libc++";
				CLANG_ENABLE_MODULES = YES;
				CLANG_ENABLE_OBJC_ARC = YES;
				CLANG_WARN_BOOL_CONVERSION = YES;
				CLANG_WARN_CONSTANT_CONVERSION = YES;
				CLANG_WARN_DIRECT_OBJC_ISA_USAGE = YES_ERROR;
				CLANG_WARN_EMPTY_BODY = YES;
				CLANG_WARN_ENUM_CONVERSION = YES;
				CLANG_WARN_INT_CONVERSION = YES;
				CLANG_WARN_OBJC_ROOT_CLASS = YES_ERROR;
				CLANG_WARN_UNREACHABLE_CODE = YES;
				CLANG_WARN__DUPLICATE_METHOD_MATCH = YES;
				CODE_SIGN_IDENTITY = "-";
				COPY_PHASE_STRIP = NO;
				ENABLE_STRICT_OBJC_MSGSEND = YES;
				GCC_C_LANGUAGE_STANDARD = gnu99;
				GCC_DYNAMIC_NO_PIC = NO;
				GCC_OPTIMIZATION_LEVEL = 0;
				GCC_PREPROCESSOR_DEFINITIONS = (
					"DEBUG=1",
					"$(inherited)",
				);
				GCC_SYMBOLS_PRIVATE_EXTERN = NO;
				GCC_WARN_64_TO_32_BIT_CONVERSION = YES;
				GCC_WARN_ABOUT_RETURN_TYPE = YES_ERROR;
				GCC_WARN_UNDECLARED_SELECTOR = YES;
				GCC_WARN_UNINITIALIZED_AUTOS = YES_AGGRESSIVE;
				GCC_WARN_UNUSED_FUNCTION = YES;
				GCC_WARN_UNUSED_VARIABLE = YES;
				MACOSX_DEPLOYMENT_TARGET = 10.9;
				MTL_ENABLE_DEBUG_INFO = YES;
				ONLY_ACTIVE_ARCH = YES;
				SDKROOT = macosx;
				SWIFT_OPTIMIZATION_LEVEL = "-Onone";
			};
			name = Debug;
		};
		22C60E171975C6E400F73CCB /* Release */ = {
			isa = XCBuildConfiguration;
			buildSettings = {
				ALWAYS_SEARCH_USER_PATHS = NO;
				CLANG_CXX_LANGUAGE_STANDARD = "gnu++0x";
				CLANG_CXX_LIBRARY = "libc++";
				CLANG_ENABLE_MODULES = YES;
				CLANG_ENABLE_OBJC_ARC = YES;
				CLANG_WARN_BOOL_CONVERSION = YES;
				CLANG_WARN_CONSTANT_CONVERSION = YES;
				CLANG_WARN_DIRECT_OBJC_ISA_USAGE = YES_ERROR;
				CLANG_WARN_EMPTY_BODY = YES;
				CLANG_WARN_ENUM_CONVERSION = YES;
				CLANG_WARN_INT_CONVERSION = YES;
				CLANG_WARN_OBJC_ROOT_CLASS = YES_ERROR;
				CLANG_WARN_UNREACHABLE_CODE = YES;
				CLANG_WARN__DUPLICATE_METHOD_MATCH = YES;
				CODE_SIGN_IDENTITY = "-";
				COPY_PHASE_STRIP = YES;
				DEBUG_INFORMATION_FORMAT = "dwarf-with-dsym";
				ENABLE_NS_ASSERTIONS = NO;
				ENABLE_STRICT_OBJC_MSGSEND = YES;
				GCC_C_LANGUAGE_STANDARD = gnu99;
				GCC_WARN_64_TO_32_BIT_CONVERSION = YES;
				GCC_WARN_ABOUT_RETURN_TYPE = YES_ERROR;
				GCC_WARN_UNDECLARED_SELECTOR = YES;
				GCC_WARN_UNINITIALIZED_AUTOS = YES_AGGRESSIVE;
				GCC_WARN_UNUSED_FUNCTION = YES;
				GCC_WARN_UNUSED_VARIABLE = YES;
				MACOSX_DEPLOYMENT_TARGET = 10.9;
				MTL_ENABLE_DEBUG_INFO = NO;
				SDKROOT = macosx;
			};
			name = Release;
		};
		22C60E191975C6E400F73CCB /* Debug */ = {
			isa = XCBuildConfiguration;
			buildSettings = {
				ASSETCATALOG_COMPILER_APPICON_NAME = AppIcon;
				CLANG_ENABLE_MODULES = YES;
				COMBINE_HIDPI_IMAGES = YES;
				INFOPLIST_FILE = TestsAndSample/Info.plist;
				LD_RUNPATH_SEARCH_PATHS = "$(inherited) @executable_path/../Frameworks";
				PRODUCT_NAME = "$(TARGET_NAME)";
				SWIFT_OBJC_BRIDGING_HEADER = "TestsAndSample-Bridging-Header.h";
				SWIFT_OPTIMIZATION_LEVEL = "-Onone";
			};
			name = Debug;
		};
		22C60E1A1975C6E400F73CCB /* Release */ = {
			isa = XCBuildConfiguration;
			buildSettings = {
				ASSETCATALOG_COMPILER_APPICON_NAME = AppIcon;
				CLANG_ENABLE_MODULES = YES;
				COMBINE_HIDPI_IMAGES = YES;
				INFOPLIST_FILE = TestsAndSample/Info.plist;
				LD_RUNPATH_SEARCH_PATHS = "$(inherited) @executable_path/../Frameworks";
				PRODUCT_NAME = "$(TARGET_NAME)";
				SWIFT_OBJC_BRIDGING_HEADER = "TestsAndSample-Bridging-Header.h";
			};
			name = Release;
		};
		22C60E1C1975C6E400F73CCB /* Debug */ = {
			isa = XCBuildConfiguration;
			buildSettings = {
				BUNDLE_LOADER = "$(BUILT_PRODUCTS_DIR)/TestsAndSample.app/Contents/MacOS/TestsAndSample";
				CLANG_ENABLE_MODULES = YES;
				COMBINE_HIDPI_IMAGES = YES;
				FRAMEWORK_SEARCH_PATHS = (
					"$(DEVELOPER_FRAMEWORKS_DIR)",
					"$(inherited)",
				);
				GCC_PREPROCESSOR_DEFINITIONS = (
					"DEBUG=1",
					"$(inherited)",
				);
				INFOPLIST_FILE = TestsAndSampleTests/Info.plist;
				LD_RUNPATH_SEARCH_PATHS = "$(inherited) @executable_path/../Frameworks @loader_path/../Frameworks";
				PRODUCT_NAME = "$(TARGET_NAME)";
				SWIFT_OBJC_BRIDGING_HEADER = "TestsAndSample-Bridging-Header.h";
				SWIFT_OPTIMIZATION_LEVEL = "-Onone";
				TEST_HOST = "$(BUNDLE_LOADER)";
			};
			name = Debug;
		};
		22C60E1D1975C6E400F73CCB /* Release */ = {
			isa = XCBuildConfiguration;
			buildSettings = {
				BUNDLE_LOADER = "$(BUILT_PRODUCTS_DIR)/TestsAndSample.app/Contents/MacOS/TestsAndSample";
				CLANG_ENABLE_MODULES = YES;
				COMBINE_HIDPI_IMAGES = YES;
				FRAMEWORK_SEARCH_PATHS = (
					"$(DEVELOPER_FRAMEWORKS_DIR)",
					"$(inherited)",
				);
				INFOPLIST_FILE = TestsAndSampleTests/Info.plist;
				LD_RUNPATH_SEARCH_PATHS = "$(inherited) @executable_path/../Frameworks @loader_path/../Frameworks";
				PRODUCT_NAME = "$(TARGET_NAME)";
				SWIFT_OBJC_BRIDGING_HEADER = "TestsAndSample-Bridging-Header.h";
				TEST_HOST = "$(BUNDLE_LOADER)";
			};
			name = Release;
		};
/* End XCBuildConfiguration section */

/* Begin XCConfigurationList section */
		22C60DF31975C6E400F73CCB /* Build configuration list for PBXProject "TestsAndSample" */ = {
			isa = XCConfigurationList;
			buildConfigurations = (
				22C60E161975C6E400F73CCB /* Debug */,
				22C60E171975C6E400F73CCB /* Release */,
			);
			defaultConfigurationIsVisible = 0;
			defaultConfigurationName = Release;
		};
		22C60E181975C6E400F73CCB /* Build configuration list for PBXNativeTarget "TestsAndSample" */ = {
			isa = XCConfigurationList;
			buildConfigurations = (
				22C60E191975C6E400F73CCB /* Debug */,
				22C60E1A1975C6E400F73CCB /* Release */,
			);
			defaultConfigurationIsVisible = 0;
		};
		22C60E1B1975C6E400F73CCB /* Build configuration list for PBXNativeTarget "TestsAndSampleTests" */ = {
			isa = XCConfigurationList;
			buildConfigurations = (
				22C60E1C1975C6E400F73CCB /* Debug */,
				22C60E1D1975C6E400F73CCB /* Release */,
			);
			defaultConfigurationIsVisible = 0;
		};
/* End XCConfigurationList section */
	};
	rootObject = 22C60DF01975C6E400F73CCB /* Project object */;
}
